
Microsoft Visual Studio Solution File, Format Version 12.00
# Visual Studio Version 17
VisualStudioVersion = 17.0.32112.339
MinimumVisualStudioVersion = 10.0.40219.1
Project("{FAE04EC0-301F-11D3-BF4B-00C04F79EFBC}") = "Clicker", "Clicker\Clicker.csproj", "{127EB9D9-B667-438A-84DD-30C7868BE57F}"
EndProject
Global
	GlobalSection(SolutionConfigurationPlatforms) = preSolution
		Debug|Any CPU = Debug|Any CPU
		Release|Any CPU = Release|Any CPU
	EndGlobalSection
	GlobalSection(ProjectConfigurationPlatforms) = postSolution
		{127EB9D9-B667-438A-84DD-30C7868BE57F}.Debug|Any CPU.ActiveCfg = Debug|Any CPU
		{127EB9D9-B667-438A-84DD-30C7868BE57F}.Debug|Any CPU.Build.0 = Debug|Any CPU
		{127EB9D9-B667-438A-84DD-30C7868BE57F}.Release|Any CPU.ActiveCfg = Release|Any CPU
		{127EB9D9-B667-438A-84DD-30C7868BE57F}.Release|Any CPU.Build.0 = Release|Any CPU
	EndGlobalSection
	GlobalSection(SolutionProperties) = preSolution
		HideSolutionNode = FALSE
	EndGlobalSection
	GlobalSection(ExtensibilityGlobals) = postSolution
		SolutionGuid = {AFB5A2E9-1EC0-47C7-9ED2-ACC29BFB19FF}
	EndGlobalSection
EndGlobal
